
Microsoft Visual Studio Solution File, Format Version 12.00
# Visual Studio Version 17
VisualStudioVersion = 17.11.35312.102
MinimumVisualStudioVersion = 10.0.40219.1
Project("{FAE04EC0-301F-11D3-BF4B-00C04F79EFBC}") = "Abdelhameed`s part", "Abdelhameed`s part.csproj", "{7759E226-33CF-424C-9057-0B9FB46272EF}"
EndProject
Global
	GlobalSection(SolutionConfigurationPlatforms) = preSolution
		Debug|Any CPU = Debug|Any CPU
		Release|Any CPU = Release|Any CPU
	EndGlobalSection
	GlobalSection(ProjectConfigurationPlatforms) = postSolution
		{7759E226-33CF-424C-9057-0B9FB46272EF}.Debug|Any CPU.ActiveCfg = Debug|Any CPU
		{7759E226-33CF-424C-9057-0B9FB46272EF}.Debug|Any CPU.Build.0 = Debug|Any CPU
		{7759E226-33CF-424C-9057-0B9FB46272EF}.Release|Any CPU.ActiveCfg = Release|Any CPU
		{7759E226-33CF-424C-9057-0B9FB46272EF}.Release|Any CPU.Build.0 = Release|Any CPU
	EndGlobalSection
	GlobalSection(SolutionProperties) = preSolution
		HideSolutionNode = FALSE
	EndGlobalSection
	GlobalSection(ExtensibilityGlobals) = postSolution
		SolutionGuid = {96A56809-C176-46DF-A067-061A0E190AFB}
	EndGlobalSection
EndGlobal
