
Microsoft Visual Studio Solution File, Format Version 12.00
# Visual Studio Version 17
VisualStudioVersion = 17.11.35431.28
MinimumVisualStudioVersion = 10.0.40219.1
Project("{FAE04EC0-301F-11D3-BF4B-00C04F79EFBC}") = "NotaphoneWebApp", "NotaphoneWebApp\NotaphoneWebApp.csproj", "{62F2A58C-FAC0-487D-93EB-349D456DD223}"
EndProject
Global
	GlobalSection(SolutionConfigurationPlatforms) = preSolution
		Debug|Any CPU = Debug|Any CPU
		Release|Any CPU = Release|Any CPU
	EndGlobalSection
	GlobalSection(ProjectConfigurationPlatforms) = postSolution
		{62F2A58C-FAC0-487D-93EB-349D456DD223}.Debug|Any CPU.ActiveCfg = Debug|Any CPU
		{62F2A58C-FAC0-487D-93EB-349D456DD223}.Debug|Any CPU.Build.0 = Debug|Any CPU
		{62F2A58C-FAC0-487D-93EB-349D456DD223}.Release|Any CPU.ActiveCfg = Release|Any CPU
		{62F2A58C-FAC0-487D-93EB-349D456DD223}.Release|Any CPU.Build.0 = Release|Any CPU
	EndGlobalSection
	GlobalSection(SolutionProperties) = preSolution
		HideSolutionNode = FALSE
	EndGlobalSection
	GlobalSection(ExtensibilityGlobals) = postSolution
		SolutionGuid = {C084457A-92D9-436C-AA08-DE7A26C3074C}
	EndGlobalSection
EndGlobal
